
Microsoft Visual Studio Solution File, Format Version 12.00
# Visual Studio Version 17
VisualStudioVersion = 17.5.33627.172
MinimumVisualStudioVersion = 10.0.40219.1
Project("{9A19103F-16F7-4668-BE54-9A1E7A4F7556}") = "Chargebee", "Chargebee.csproj", "{F4AD9058-0F8D-4179-A4B2-0E6FF5B2D6DD}"
EndProject
Global
	GlobalSection(SolutionConfigurationPlatforms) = preSolution
		Debug|Any CPU = Debug|Any CPU
		Release|Any CPU = Release|Any CPU
	EndGlobalSection
	GlobalSection(ProjectConfigurationPlatforms) = postSolution
		{F4AD9058-0F8D-4179-A4B2-0E6FF5B2D6DD}.Debug|Any CPU.ActiveCfg = Debug|Any CPU
		{F4AD9058-0F8D-4179-A4B2-0E6FF5B2D6DD}.Debug|Any CPU.Build.0 = Debug|Any CPU
		{F4AD9058-0F8D-4179-A4B2-0E6FF5B2D6DD}.Release|Any CPU.ActiveCfg = Release|Any CPU
		{F4AD9058-0F8D-4179-A4B2-0E6FF5B2D6DD}.Release|Any CPU.Build.0 = Release|Any CPU
	EndGlobalSection
	GlobalSection(SolutionProperties) = preSolution
		HideSolutionNode = FALSE
	EndGlobalSection
	GlobalSection(ExtensibilityGlobals) = postSolution
		SolutionGuid = {3FCBC1D8-1F71-4888-B5CB-8A09C0326AFD}
	EndGlobalSection
EndGlobal
